
Microsoft Visual Studio Solution File, Format Version 12.00
# Visual Studio Version 16
VisualStudioVersion = 16.0.30114.105
MinimumVisualStudioVersion = 10.0.40219.1
Project("{FAE04EC0-301F-11D3-BF4B-00C04F79EFBC}") = "VideoConverter", "VideoConverter\VideoConverter.csproj", "{6CF9B2DF-4A1E-41AB-AE11-995E932F7CEB}"
EndProject
Project("{FAE04EC0-301F-11D3-BF4B-00C04F79EFBC}") = "FFmpegDownloader", "FFmpegDownloader\FFmpegDownloader.csproj", "{C7C5D1F3-BCAD-41F4-B209-5FCE647CAAD1}"
EndProject
Project("{FAE04EC0-301F-11D3-BF4B-00C04F79EFBC}") = "Tests", "Tests\Tests.csproj", "{79F93CB3-7D79-474C-B487-DDD1D73DDE19}"
EndProject
Global
	GlobalSection(SolutionConfigurationPlatforms) = preSolution
		Debug|Any CPU = Debug|Any CPU
		Release|Any CPU = Release|Any CPU
	EndGlobalSection
	GlobalSection(SolutionProperties) = preSolution
		HideSolutionNode = FALSE
	EndGlobalSection
	GlobalSection(ProjectConfigurationPlatforms) = postSolution
		{6CF9B2DF-4A1E-41AB-AE11-995E932F7CEB}.Debug|Any CPU.ActiveCfg = Debug|Any CPU
		{6CF9B2DF-4A1E-41AB-AE11-995E932F7CEB}.Debug|Any CPU.Build.0 = Debug|Any CPU
		{6CF9B2DF-4A1E-41AB-AE11-995E932F7CEB}.Release|Any CPU.ActiveCfg = Release|Any CPU
		{6CF9B2DF-4A1E-41AB-AE11-995E932F7CEB}.Release|Any CPU.Build.0 = Release|Any CPU
		{C7C5D1F3-BCAD-41F4-B209-5FCE647CAAD1}.Debug|Any CPU.ActiveCfg = Debug|Any CPU
		{C7C5D1F3-BCAD-41F4-B209-5FCE647CAAD1}.Debug|Any CPU.Build.0 = Debug|Any CPU
		{C7C5D1F3-BCAD-41F4-B209-5FCE647CAAD1}.Release|Any CPU.ActiveCfg = Release|Any CPU
		{C7C5D1F3-BCAD-41F4-B209-5FCE647CAAD1}.Release|Any CPU.Build.0 = Release|Any CPU
		{79F93CB3-7D79-474C-B487-DDD1D73DDE19}.Debug|Any CPU.ActiveCfg = Debug|Any CPU
		{79F93CB3-7D79-474C-B487-DDD1D73DDE19}.Debug|Any CPU.Build.0 = Debug|Any CPU
		{79F93CB3-7D79-474C-B487-DDD1D73DDE19}.Release|Any CPU.ActiveCfg = Release|Any CPU
		{79F93CB3-7D79-474C-B487-DDD1D73DDE19}.Release|Any CPU.Build.0 = Release|Any CPU
	EndGlobalSection
EndGlobal
